<?xml version="1.0" encoding="utf-8"?>
<Project ToolsVersion="4.0" xmlns="http://schemas.microsoft.com/developer/msbuild/2003">
  <ItemGroup>
    <Filter Include="Source Files">
      <UniqueIdentifier>{4FC737F1-C7A5-4376-A066-2A32D752A2FF}</UniqueIdentifier>
      <Extensions>cpp;c;cc;cxx;c++;cppm;ixx;def;odl;idl;hpj;bat;asm;asmx</Extensions>
    </Filter>
    <Filter Include="Header Files">
      <UniqueIdentifier>{93995380-89BD-4b04-88EB-625FBE52EBFB}</UniqueIdentifier>
      <Extensions>h;hh;hpp;hxx;h++;hm;inl;inc;ipp;xsd</Extensions>
    </Filter>
    <Filter Include="Resource Files">
      <UniqueIdentifier>{67DA6AB6-F800-4c08-8B7A-83BB121AAD01}</UniqueIdentifier>
      <Extensions>rc;ico;cur;bmp;dlg;rc2;rct;bin;rgs;gif;jpg;jpeg;jpe;resx;tiff;tif;png;wav;mfcribbon-ms</Extensions>
    </Filter>
    <Filter Include="SDK">
      <UniqueIdentifier>{a0dff2e8-b54b-4cca-af66-54e187888e67}</UniqueIdentifier>
    </Filter>
    <Filter Include="Features">
      <UniqueIdentifier>{54366b63-b39d-4532-9c33-8dc237aaef93}</UniqueIdentifier>
    </Filter>
    <Filter Include="ImGUI">
      <UniqueIdentifier>{c3b35b68-94fb-4972-8e07-a31adf3cb61d}</UniqueIdentifier>
    </Filter>
    <Filter Include="Menu">
      <UniqueIdentifier>{c1a0687a-1f7c-4457-ad1b-84dee1b79b06}</UniqueIdentifier>
    </Filter>
    <Filter Include="Detours">
      <UniqueIdentifier>{3ab290c3-9508-44f8-ad2e-4ad80b92b5e3}</UniqueIdentifier>
    </Filter>
    <Filter Include="Encryption">
      <UniqueIdentifier>{c6d44f1c-68aa-48e7-9cae-89a1a7c18dc0}</UniqueIdentifier>
    </Filter>
    <Filter Include="Profiler">
      <UniqueIdentifier>{87b9ba67-1c9d-4d26-97d8-97216903f137}</UniqueIdentifier>
    </Filter>
    <Filter Include="Profiler\RapidXML">
      <UniqueIdentifier>{1651f8c1-14d1-4996-8d2b-4e3cb119b593}</UniqueIdentifier>
    </Filter>
    <Filter Include="Profiler\RapidXML\Utilities">
      <UniqueIdentifier>{1666ec20-96ac-40d7-97d3-3773fb5a3845}</UniqueIdentifier>
    </Filter>
    <Filter Include="ImGUI\FileSystem">
      <UniqueIdentifier>{9b7798ac-9f23-4515-8df6-5efddbc4b4cc}</UniqueIdentifier>
    </Filter>
    <Filter Include="ImGUI\Custom">
      <UniqueIdentifier>{5fd407ae-058a-4b5c-81f7-bc20c7692976}</UniqueIdentifier>
    </Filter>
    <Filter Include="Draw">
      <UniqueIdentifier>{271056d8-176a-482e-b870-2c59119a3063}</UniqueIdentifier>
    </Filter>
    <Filter Include="Menu\Icons &amp; Fonts">
      <UniqueIdentifier>{15394754-32bf-43f7-976c-4746ef4fbfeb}</UniqueIdentifier>
    </Filter>
    <Filter Include="Memory">
      <UniqueIdentifier>{ee3afadf-f551-43cc-a5eb-43ecdd9ca48e}</UniqueIdentifier>
    </Filter>
  </ItemGroup>
  <ItemGroup>
    <ClInclude Include="pch.h">
      <Filter>Header Files</Filter>
    </ClInclude>
    <ClInclude Include="Hook.h">
      <Filter>Header Files</Filter>
    </ClInclude>
    <ClInclude Include="ImGUI\imconfig.h">
      <Filter>ImGUI</Filter>
    </ClInclude>
    <ClInclude Include="ImGUI\imgui.h">
      <Filter>ImGUI</Filter>
    </ClInclude>
    <ClInclude Include="ImGUI\imgui_impl_dx11.h">
      <Filter>ImGUI</Filter>
    </ClInclude>
    <ClInclude Include="ImGUI\imgui_impl_win32.h">
      <Filter>ImGUI</Filter>
    </ClInclude>
    <ClInclude Include="ImGUI\imgui_internal.h">
      <Filter>ImGUI</Filter>
    </ClInclude>
    <ClInclude Include="ImGUI\imstb_rectpack.h">
      <Filter>ImGUI</Filter>
    </ClInclude>
    <ClInclude Include="ImGUI\imstb_textedit.h">
      <Filter>ImGUI</Filter>
    </ClInclude>
    <ClInclude Include="ImGUI\imstb_truetype.h">
      <Filter>ImGUI</Filter>
    </ClInclude>
    <ClInclude Include="Menu.h">
      <Filter>Menu</Filter>
    </ClInclude>
    <ClInclude Include="XXX.h">
      <Filter>Features</Filter>
    </ClInclude>
    <ClInclude Include="Aimbot.h">
      <Filter>Features</Filter>
    </ClInclude>
    <ClInclude Include="Engine.h">
      <Filter>Header Files</Filter>
    </ClInclude>
    <ClInclude Include="Detours\detours.h">
      <Filter>Detours</Filter>
    </ClInclude>
    <ClInclude Include="Mathematics.h">
      <Filter>Header Files</Filter>
    </ClInclude>
    <ClInclude Include="Encryption\LazyImporter.hpp">
      <Filter>Encryption</Filter>
    </ClInclude>
    <ClInclude Include="Encryption\XOR.hpp">
      <Filter>Encryption</Filter>
    </ClInclude>
    <ClInclude Include="Profiler.h">
      <Filter>Profiler</Filter>
    </ClInclude>
    <ClInclude Include="RapidXML\rapidxml.hpp">
      <Filter>Profiler\RapidXML</Filter>
    </ClInclude>
    <ClInclude Include="RapidXML\rapidxml_iterators.hpp">
      <Filter>Profiler\RapidXML</Filter>
    </ClInclude>
    <ClInclude Include="RapidXML\rapidxml_print.hpp">
      <Filter>Profiler\RapidXML</Filter>
    </ClInclude>
    <ClInclude Include="RapidXML\rapidxml_utils.hpp">
      <Filter>Profiler\RapidXML</Filter>
    </ClInclude>
    <ClInclude Include="RapidXML\rapidxml_wrap.hpp">
      <Filter>Profiler\RapidXML</Filter>
    </ClInclude>
    <ClInclude Include="ImGUI\dirent.h">
      <Filter>ImGUI\FileSystem</Filter>
    </ClInclude>
    <ClInclude Include="Elements.h">
      <Filter>ImGUI\Custom</Filter>
    </ClInclude>
    <ClInclude Include="ImGUI\imgui_file_system.h">
      <Filter>ImGUI\FileSystem</Filter>
    </ClInclude>
    <ClInclude Include="FileUtility\StringUtility.h">
      <Filter>Profiler\RapidXML\Utilities</Filter>
    </ClInclude>
    <ClInclude Include="FileUtility\FileUtility.h">
      <Filter>Profiler\RapidXML\Utilities</Filter>
    </ClInclude>
    <ClInclude Include="Draw.h">
      <Filter>Draw</Filter>
    </ClInclude>
    <ClInclude Include="Fonts.h">
      <Filter>Menu\Icons &amp; Fonts</Filter>
    </ClInclude>
    <ClInclude Include="Icons.h">
      <Filter>Menu\Icons &amp; Fonts</Filter>
    </ClInclude>
    <ClInclude Include="Encryption\Thunk.hpp">
      <Filter>Encryption</Filter>
    </ClInclude>
    <ClInclude Include="Memory.h">
      <Filter>Memory</Filter>
    </ClInclude>
    <ClInclude Include="FarsiType.h">
      <Filter>Header Files</Filter>
    </ClInclude>
    <ClInclude Include="SDK.h">
      <Filter>SDK</Filter>
    </ClInclude>
  </ItemGroup>
  <ItemGroup>
    <ClCompile Include="dllmain.cpp">
      <Filter>Source Files</Filter>
    </ClCompile>
    <ClCompile Include="pch.cpp">
      <Filter>Source Files</Filter>
    </ClCompile>
    <ClCompile Include="Hook.cpp">
      <Filter>Source Files</Filter>
    </ClCompile>
    <ClCompile Include="ImGUI\imgui.cpp">
      <Filter>ImGUI</Filter>
    </ClCompile>
    <ClCompile Include="ImGUI\imgui_demo.cpp">
      <Filter>ImGUI</Filter>
    </ClCompile>
    <ClCompile Include="ImGUI\imgui_draw.cpp">
      <Filter>ImGUI</Filter>
    </ClCompile>
    <ClCompile Include="ImGUI\imgui_impl_dx11.cpp">
      <Filter>ImGUI</Filter>
    </ClCompile>
    <ClCompile Include="ImGUI\imgui_impl_win32.cpp">
      <Filter>ImGUI</Filter>
    </ClCompile>
    <ClCompile Include="ImGUI\imgui_tables.cpp">
      <Filter>ImGUI</Filter>
    </ClCompile>
    <ClCompile Include="ImGUI\imgui_widgets.cpp">
      <Filter>ImGUI</Filter>
    </ClCompile>
    <ClCompile Include="Menu.cpp">
      <Filter>Menu</Filter>
    </ClCompile>
    <ClCompile Include="XXX.cpp">
      <Filter>Features</Filter>
    </ClCompile>
    <ClCompile Include="Aimbot.cpp">
      <Filter>Features</Filter>
    </ClCompile>
    <ClCompile Include="Mathematics.cpp">
      <Filter>Source Files</Filter>
    </ClCompile>
    <ClCompile Include="Profiler.cpp">
      <Filter>Profiler</Filter>
    </ClCompile>
    <ClCompile Include="Elements.cpp">
      <Filter>ImGUI\Custom</Filter>
    </ClCompile>
    <ClCompile Include="ImGUI\imgui_file_system.cpp">
      <Filter>ImGUI\FileSystem</Filter>
    </ClCompile>
    <ClCompile Include="FileUtility\FileUtility.cpp">
      <Filter>Profiler\RapidXML\Utilities</Filter>
    </ClCompile>
    <ClCompile Include="Engine.cpp">
      <Filter>Source Files</Filter>
    </ClCompile>
    <ClCompile Include="Draw.cpp">
      <Filter>Draw</Filter>
    </ClCompile>
    <ClCompile Include="Memory.cpp">
      <Filter>Memory</Filter>
    </ClCompile>
    <ClCompile Include="FarsiType.cpp">
      <Filter>Source Files</Filter>
    </ClCompile>
    <ClCompile Include="SDK\BasicTypes_Package.cpp">
      <Filter>SDK</Filter>
    </ClCompile>
    <ClCompile Include="SDK\CoreUObject_Package.cpp">
      <Filter>SDK</Filter>
    </ClCompile>
    <ClCompile Include="SDK\Engine_Package.cpp">
      <Filter>SDK</Filter>
    </ClCompile>
    <ClCompile Include="SDK\Solarland_Package.cpp">
      <Filter>SDK</Filter>
    </ClCompile>
  </ItemGroup>
  <ItemGroup>
    <Library Include="Detours\detours.lib">
      <Filter>Detours</Filter>
    </Library>
  </ItemGroup>
</Project>